
Microsoft Visual Studio Solution File, Format Version 12.00
# Visual Studio Version 17
VisualStudioVersion = 17.4.33205.214
MinimumVisualStudioVersion = 10.0.40219.1
Project("{FAE04EC0-301F-11D3-BF4B-00C04F79EFBC}") = "AnInterestingWebSiteName", "AnInterestingWebSiteName\AnInterestingWebSiteName.csproj", "{489C96E0-71A9-4E62-B123-D36C48D15812}"
EndProject
Global
	GlobalSection(SolutionConfigurationPlatforms) = preSolution
		Debug|Any CPU = Debug|Any CPU
		Release|Any CPU = Release|Any CPU
	EndGlobalSection
	GlobalSection(ProjectConfigurationPlatforms) = postSolution
		{489C96E0-71A9-4E62-B123-D36C48D15812}.Debug|Any CPU.ActiveCfg = Debug|Any CPU
		{489C96E0-71A9-4E62-B123-D36C48D15812}.Debug|Any CPU.Build.0 = Debug|Any CPU
		{489C96E0-71A9-4E62-B123-D36C48D15812}.Release|Any CPU.ActiveCfg = Release|Any CPU
		{489C96E0-71A9-4E62-B123-D36C48D15812}.Release|Any CPU.Build.0 = Release|Any CPU
	EndGlobalSection
	GlobalSection(SolutionProperties) = preSolution
		HideSolutionNode = FALSE
	EndGlobalSection
	GlobalSection(ExtensibilityGlobals) = postSolution
		SolutionGuid = {588567D7-7071-4D20-A720-40D2D2A323C5}
	EndGlobalSection
EndGlobal
